
Microsoft Visual Studio Solution File, Format Version 12.00
# Visual Studio 15
VisualStudioVersion = 15.0.28307.645
MinimumVisualStudioVersion = 10.0.40219.1
Project("{FAE04EC0-301F-11D3-BF4B-00C04F79EFBC}") = "UMPortalDevCheckout", "UMPortalDevCheckout\UMPortalDevCheckout.csproj", "{360441B8-346C-4956-A13F-02A366A7924D}"
EndProject
Global
	GlobalSection(SolutionConfigurationPlatforms) = preSolution
		Debug|Any CPU = Debug|Any CPU
		Release|Any CPU = Release|Any CPU
	EndGlobalSection
	GlobalSection(ProjectConfigurationPlatforms) = postSolution
		{360441B8-346C-4956-A13F-02A366A7924D}.Debug|Any CPU.ActiveCfg = Debug|Any CPU
		{360441B8-346C-4956-A13F-02A366A7924D}.Debug|Any CPU.Build.0 = Debug|Any CPU
		{360441B8-346C-4956-A13F-02A366A7924D}.Release|Any CPU.ActiveCfg = Release|Any CPU
		{360441B8-346C-4956-A13F-02A366A7924D}.Release|Any CPU.Build.0 = Release|Any CPU
	EndGlobalSection
	GlobalSection(SolutionProperties) = preSolution
		HideSolutionNode = FALSE
	EndGlobalSection
	GlobalSection(ExtensibilityGlobals) = postSolution
		SolutionGuid = {C6615A7E-F100-4C89-AB84-D34B97323D13}
	EndGlobalSection
EndGlobal
